
Microsoft Visual Studio Solution File, Format Version 12.00
# Visual Studio 15
VisualStudioVersion = 15.0.28307.438
MinimumVisualStudioVersion = 10.0.40219.1
Project("{FAE04EC0-301F-11D3-BF4B-00C04F79EFBC}") = "WebApi", "WebApi\WebApi.csproj", "{B83E4FE4-EFAE-4B92-9B53-DD69474008E2}"
EndProject
Project("{FAE04EC0-301F-11D3-BF4B-00C04F79EFBC}") = "Model", "Model\Model.csproj", "{4DD74811-FCED-49B1-9561-4F909BCC00D4}"
EndProject
Project("{FAE04EC0-301F-11D3-BF4B-00C04F79EFBC}") = "Common", "Common\Common.csproj", "{6B97DFAA-8549-4BA1-8748-DBA33B3B83CA}"
EndProject
Project("{00D1A9C2-B5F0-4AF3-8072-F6C62B433612}") = "PaymentGatewayDb", "PaymentGatewayDb\PaymentGatewayDb.sqlproj", "{2B8ADB10-560E-475A-B15B-BB14713FBD02}"
EndProject
Project("{FAE04EC0-301F-11D3-BF4B-00C04F79EFBC}") = "Service", "Service\Service.csproj", "{8ACFAF92-22C1-44EC-B2A9-A63C32D0A6C0}"
EndProject
Global
	GlobalSection(SolutionConfigurationPlatforms) = preSolution
		Debug|Any CPU = Debug|Any CPU
		Release|Any CPU = Release|Any CPU
	EndGlobalSection
	GlobalSection(ProjectConfigurationPlatforms) = postSolution
		{B83E4FE4-EFAE-4B92-9B53-DD69474008E2}.Debug|Any CPU.ActiveCfg = Debug|Any CPU
		{B83E4FE4-EFAE-4B92-9B53-DD69474008E2}.Debug|Any CPU.Build.0 = Debug|Any CPU
		{B83E4FE4-EFAE-4B92-9B53-DD69474008E2}.Release|Any CPU.ActiveCfg = Release|Any CPU
		{B83E4FE4-EFAE-4B92-9B53-DD69474008E2}.Release|Any CPU.Build.0 = Release|Any CPU
		{4DD74811-FCED-49B1-9561-4F909BCC00D4}.Debug|Any CPU.ActiveCfg = Debug|Any CPU
		{4DD74811-FCED-49B1-9561-4F909BCC00D4}.Debug|Any CPU.Build.0 = Debug|Any CPU
		{4DD74811-FCED-49B1-9561-4F909BCC00D4}.Release|Any CPU.ActiveCfg = Release|Any CPU
		{4DD74811-FCED-49B1-9561-4F909BCC00D4}.Release|Any CPU.Build.0 = Release|Any CPU
		{6B97DFAA-8549-4BA1-8748-DBA33B3B83CA}.Debug|Any CPU.ActiveCfg = Debug|Any CPU
		{6B97DFAA-8549-4BA1-8748-DBA33B3B83CA}.Debug|Any CPU.Build.0 = Debug|Any CPU
		{6B97DFAA-8549-4BA1-8748-DBA33B3B83CA}.Release|Any CPU.ActiveCfg = Release|Any CPU
		{6B97DFAA-8549-4BA1-8748-DBA33B3B83CA}.Release|Any CPU.Build.0 = Release|Any CPU
		{2B8ADB10-560E-475A-B15B-BB14713FBD02}.Debug|Any CPU.ActiveCfg = Debug|Any CPU
		{2B8ADB10-560E-475A-B15B-BB14713FBD02}.Release|Any CPU.ActiveCfg = Release|Any CPU
		{8ACFAF92-22C1-44EC-B2A9-A63C32D0A6C0}.Debug|Any CPU.ActiveCfg = Debug|Any CPU
		{8ACFAF92-22C1-44EC-B2A9-A63C32D0A6C0}.Debug|Any CPU.Build.0 = Debug|Any CPU
		{8ACFAF92-22C1-44EC-B2A9-A63C32D0A6C0}.Release|Any CPU.ActiveCfg = Release|Any CPU
		{8ACFAF92-22C1-44EC-B2A9-A63C32D0A6C0}.Release|Any CPU.Build.0 = Release|Any CPU
	EndGlobalSection
	GlobalSection(SolutionProperties) = preSolution
		HideSolutionNode = FALSE
	EndGlobalSection
	GlobalSection(ExtensibilityGlobals) = postSolution
		SolutionGuid = {9A189274-543D-4AD0-A662-8A54E39648D8}
	EndGlobalSection
EndGlobal
